
Microsoft Visual Studio Solution File, Format Version 12.00
# Visual Studio Version 17
VisualStudioVersion = 17.3.32922.545
MinimumVisualStudioVersion = 10.0.40219.1
Project("{FAE04EC0-301F-11D3-BF4B-00C04F79EFBC}") = "Testy", "Testy\Testy.csproj", "{2A10175B-9ED9-4812-9302-4E50F7DD8AB4}"
EndProject
Project("{FAE04EC0-301F-11D3-BF4B-00C04F79EFBC}") = "TestyMSTest", "TestyMSTest\TestyMSTest.csproj", "{1AD1F701-FE27-4DF1-97B4-58FAF40D77F1}"
EndProject
Global
	GlobalSection(SolutionConfigurationPlatforms) = preSolution
		Debug|Any CPU = Debug|Any CPU
		Release|Any CPU = Release|Any CPU
	EndGlobalSection
	GlobalSection(ProjectConfigurationPlatforms) = postSolution
		{2A10175B-9ED9-4812-9302-4E50F7DD8AB4}.Debug|Any CPU.ActiveCfg = Debug|Any CPU
		{2A10175B-9ED9-4812-9302-4E50F7DD8AB4}.Debug|Any CPU.Build.0 = Debug|Any CPU
		{2A10175B-9ED9-4812-9302-4E50F7DD8AB4}.Release|Any CPU.ActiveCfg = Release|Any CPU
		{2A10175B-9ED9-4812-9302-4E50F7DD8AB4}.Release|Any CPU.Build.0 = Release|Any CPU
		{1AD1F701-FE27-4DF1-97B4-58FAF40D77F1}.Debug|Any CPU.ActiveCfg = Debug|Any CPU
		{1AD1F701-FE27-4DF1-97B4-58FAF40D77F1}.Debug|Any CPU.Build.0 = Debug|Any CPU
		{1AD1F701-FE27-4DF1-97B4-58FAF40D77F1}.Release|Any CPU.ActiveCfg = Release|Any CPU
		{1AD1F701-FE27-4DF1-97B4-58FAF40D77F1}.Release|Any CPU.Build.0 = Release|Any CPU
	EndGlobalSection
	GlobalSection(SolutionProperties) = preSolution
		HideSolutionNode = FALSE
	EndGlobalSection
	GlobalSection(ExtensibilityGlobals) = postSolution
		SolutionGuid = {BD26B2C3-A933-48A4-8DA5-331E9D6BE595}
	EndGlobalSection
EndGlobal
